
Microsoft Visual Studio Solution File, Format Version 12.00
# Visual Studio 15
VisualStudioVersion = 15.0.28010.2016
MinimumVisualStudioVersion = 10.0.40219.1
Project("{FAE04EC0-301F-11D3-BF4B-00C04F79EFBC}") = "PTR2All", "PTR2All\PTR2All.csproj", "{0DA6907B-3776-4983-96E3-D7B10FD95056}"
EndProject
Project("{FAE04EC0-301F-11D3-BF4B-00C04F79EFBC}") = "PTR2Lib", "PTR2Lib\PTR2Lib.csproj", "{3F0C02C8-8779-48D3-923F-A541C3240D55}"
EndProject
Project("{FAE04EC0-301F-11D3-BF4B-00C04F79EFBC}") = "Rainbow.ImgLib", "..\..\..\Desktop\h\Rainbow\Rainbow.ImgLib\Rainbow.ImgLib.csproj", "{C4117527-926B-4588-BDE3-53EC241E62B4}"
EndProject
Project("{FAE04EC0-301F-11D3-BF4B-00C04F79EFBC}") = "nQuant.Core", "..\..\..\Desktop\h\Rainbow\nQuant.Core\nQuant.Core.csproj", "{A59307EA-FCB0-4110-BC42-0417871C24C4}"
EndProject
Global
	GlobalSection(SolutionConfigurationPlatforms) = preSolution
		Debug|Any CPU = Debug|Any CPU
		Debug|x64 = Debug|x64
		Debug|x86 = Debug|x86
		Release|Any CPU = Release|Any CPU
		Release|x64 = Release|x64
		Release|x86 = Release|x86
	EndGlobalSection
	GlobalSection(ProjectConfigurationPlatforms) = postSolution
		{0DA6907B-3776-4983-96E3-D7B10FD95056}.Debug|Any CPU.ActiveCfg = Debug|Any CPU
		{0DA6907B-3776-4983-96E3-D7B10FD95056}.Debug|Any CPU.Build.0 = Debug|Any CPU
		{0DA6907B-3776-4983-96E3-D7B10FD95056}.Debug|x64.ActiveCfg = Debug|x64
		{0DA6907B-3776-4983-96E3-D7B10FD95056}.Debug|x64.Build.0 = Debug|x64
		{0DA6907B-3776-4983-96E3-D7B10FD95056}.Debug|x86.ActiveCfg = Debug|x86
		{0DA6907B-3776-4983-96E3-D7B10FD95056}.Debug|x86.Build.0 = Debug|x86
		{0DA6907B-3776-4983-96E3-D7B10FD95056}.Release|Any CPU.ActiveCfg = Release|Any CPU
		{0DA6907B-3776-4983-96E3-D7B10FD95056}.Release|Any CPU.Build.0 = Release|Any CPU
		{0DA6907B-3776-4983-96E3-D7B10FD95056}.Release|x64.ActiveCfg = Release|x64
		{0DA6907B-3776-4983-96E3-D7B10FD95056}.Release|x64.Build.0 = Release|x64
		{0DA6907B-3776-4983-96E3-D7B10FD95056}.Release|x86.ActiveCfg = Release|x86
		{0DA6907B-3776-4983-96E3-D7B10FD95056}.Release|x86.Build.0 = Release|x86
		{3F0C02C8-8779-48D3-923F-A541C3240D55}.Debug|Any CPU.ActiveCfg = Debug|Any CPU
		{3F0C02C8-8779-48D3-923F-A541C3240D55}.Debug|Any CPU.Build.0 = Debug|Any CPU
		{3F0C02C8-8779-48D3-923F-A541C3240D55}.Debug|x64.ActiveCfg = Debug|x64
		{3F0C02C8-8779-48D3-923F-A541C3240D55}.Debug|x64.Build.0 = Debug|x64
		{3F0C02C8-8779-48D3-923F-A541C3240D55}.Debug|x86.ActiveCfg = Debug|x86
		{3F0C02C8-8779-48D3-923F-A541C3240D55}.Debug|x86.Build.0 = Debug|x86
		{3F0C02C8-8779-48D3-923F-A541C3240D55}.Release|Any CPU.ActiveCfg = Release|Any CPU
		{3F0C02C8-8779-48D3-923F-A541C3240D55}.Release|Any CPU.Build.0 = Release|Any CPU
		{3F0C02C8-8779-48D3-923F-A541C3240D55}.Release|x64.ActiveCfg = Release|x64
		{3F0C02C8-8779-48D3-923F-A541C3240D55}.Release|x64.Build.0 = Release|x64
		{3F0C02C8-8779-48D3-923F-A541C3240D55}.Release|x86.ActiveCfg = Release|x86
		{3F0C02C8-8779-48D3-923F-A541C3240D55}.Release|x86.Build.0 = Release|x86
		{C4117527-926B-4588-BDE3-53EC241E62B4}.Debug|Any CPU.ActiveCfg = Debug|Any CPU
		{C4117527-926B-4588-BDE3-53EC241E62B4}.Debug|Any CPU.Build.0 = Debug|Any CPU
		{C4117527-926B-4588-BDE3-53EC241E62B4}.Debug|x64.ActiveCfg = Debug|x64
		{C4117527-926B-4588-BDE3-53EC241E62B4}.Debug|x64.Build.0 = Debug|x64
		{C4117527-926B-4588-BDE3-53EC241E62B4}.Debug|x86.ActiveCfg = Debug|x86
		{C4117527-926B-4588-BDE3-53EC241E62B4}.Debug|x86.Build.0 = Debug|x86
		{C4117527-926B-4588-BDE3-53EC241E62B4}.Release|Any CPU.ActiveCfg = Release|Any CPU
		{C4117527-926B-4588-BDE3-53EC241E62B4}.Release|Any CPU.Build.0 = Release|Any CPU
		{C4117527-926B-4588-BDE3-53EC241E62B4}.Release|x64.ActiveCfg = Release|x64
		{C4117527-926B-4588-BDE3-53EC241E62B4}.Release|x64.Build.0 = Release|x64
		{C4117527-926B-4588-BDE3-53EC241E62B4}.Release|x86.ActiveCfg = Release|x86
		{C4117527-926B-4588-BDE3-53EC241E62B4}.Release|x86.Build.0 = Release|x86
		{A59307EA-FCB0-4110-BC42-0417871C24C4}.Debug|Any CPU.ActiveCfg = Debug|Any CPU
		{A59307EA-FCB0-4110-BC42-0417871C24C4}.Debug|Any CPU.Build.0 = Debug|Any CPU
		{A59307EA-FCB0-4110-BC42-0417871C24C4}.Debug|x64.ActiveCfg = Debug|x64
		{A59307EA-FCB0-4110-BC42-0417871C24C4}.Debug|x64.Build.0 = Debug|x64
		{A59307EA-FCB0-4110-BC42-0417871C24C4}.Debug|x86.ActiveCfg = Debug|x86
		{A59307EA-FCB0-4110-BC42-0417871C24C4}.Debug|x86.Build.0 = Debug|x86
		{A59307EA-FCB0-4110-BC42-0417871C24C4}.Release|Any CPU.ActiveCfg = Release|Any CPU
		{A59307EA-FCB0-4110-BC42-0417871C24C4}.Release|Any CPU.Build.0 = Release|Any CPU
		{A59307EA-FCB0-4110-BC42-0417871C24C4}.Release|x64.ActiveCfg = Release|x64
		{A59307EA-FCB0-4110-BC42-0417871C24C4}.Release|x64.Build.0 = Release|x64
		{A59307EA-FCB0-4110-BC42-0417871C24C4}.Release|x86.ActiveCfg = Release|x86
		{A59307EA-FCB0-4110-BC42-0417871C24C4}.Release|x86.Build.0 = Release|x86
	EndGlobalSection
	GlobalSection(SolutionProperties) = preSolution
		HideSolutionNode = FALSE
	EndGlobalSection
	GlobalSection(ExtensibilityGlobals) = postSolution
		SolutionGuid = {C741694D-907C-437E-9D28-2B9DE3E4B006}
	EndGlobalSection
EndGlobal
