
Microsoft Visual Studio Solution File, Format Version 12.00
# Visual Studio 15
VisualStudioVersion = 15.0.28010.2016
MinimumVisualStudioVersion = 10.0.40219.1
Project("{FAE04EC0-301F-11D3-BF4B-00C04F79EFBC}") = "PTR2All", "PTR2All\PTR2All.csproj", "{0DA6907B-3776-4983-96E3-D7B10FD95056}"
EndProject
Project("{FAE04EC0-301F-11D3-BF4B-00C04F79EFBC}") = "PTR2Lib", "PTR2Lib\PTR2Lib.csproj", "{3F0C02C8-8779-48D3-923F-A541C3240D55}"
EndProject
Global
	GlobalSection(SolutionConfigurationPlatforms) = preSolution
		Debug|Any CPU = Debug|Any CPU
		Release|Any CPU = Release|Any CPU
	EndGlobalSection
	GlobalSection(ProjectConfigurationPlatforms) = postSolution
		{0DA6907B-3776-4983-96E3-D7B10FD95056}.Debug|Any CPU.ActiveCfg = Debug|Any CPU
		{0DA6907B-3776-4983-96E3-D7B10FD95056}.Debug|Any CPU.Build.0 = Debug|Any CPU
		{0DA6907B-3776-4983-96E3-D7B10FD95056}.Release|Any CPU.ActiveCfg = Release|Any CPU
		{0DA6907B-3776-4983-96E3-D7B10FD95056}.Release|Any CPU.Build.0 = Release|Any CPU
		{3F0C02C8-8779-48D3-923F-A541C3240D55}.Debug|Any CPU.ActiveCfg = Debug|Any CPU
		{3F0C02C8-8779-48D3-923F-A541C3240D55}.Debug|Any CPU.Build.0 = Debug|Any CPU
		{3F0C02C8-8779-48D3-923F-A541C3240D55}.Release|Any CPU.ActiveCfg = Release|Any CPU
		{3F0C02C8-8779-48D3-923F-A541C3240D55}.Release|Any CPU.Build.0 = Release|Any CPU
	EndGlobalSection
	GlobalSection(SolutionProperties) = preSolution
		HideSolutionNode = FALSE
	EndGlobalSection
	GlobalSection(ExtensibilityGlobals) = postSolution
		SolutionGuid = {C741694D-907C-437E-9D28-2B9DE3E4B006}
	EndGlobalSection
EndGlobal
